// !$*UTF8*$!
{
	archiveVersion = 1;
	classes = {
	};
	objectVersion = 46;
	objects = {

/* Begin PBXBuildFile section */
		B181AD021BBD2748001A1E9B /* main.m in Sources */ = {isa = PBXBuildFile; fileRef = B181AD011BBD2748001A1E9B /* main.m */; };
		B181AD051BBD2748001A1E9B /* AppDelegate.m in Sources */ = {isa = PBXBuildFile; fileRef = B181AD041BBD2748001A1E9B /* AppDelegate.m */; };
		B181AD081BBD2748001A1E9B /* whichTreasureMap.xcdatamodeld in Sources */ = {isa = PBXBuildFile; fileRef = B181AD061BBD2748001A1E9B /* whichTreasureMap.xcdatamodeld */; };
		B181AD0B1BBD2748001A1E9B /* TreasureMapViewController.m in Sources */ = {isa = PBXBuildFile; fileRef = B181AD0A1BBD2748001A1E9B /* TreasureMapViewController.m */; };
		B181AD0E1BBD2748001A1E9B /* Main.storyboard in Resources */ = {isa = PBXBuildFile; fileRef = B181AD0C1BBD2748001A1E9B /* Main.storyboard */; };
		B181AD101BBD2748001A1E9B /* Images.xcassets in Resources */ = {isa = PBXBuildFile; fileRef = B181AD0F1BBD2748001A1E9B /* Images.xcassets */; };
		B181AD131BBD2748001A1E9B /* LaunchScreen.xib in Resources */ = {isa = PBXBuildFile; fileRef = B181AD111BBD2748001A1E9B /* LaunchScreen.xib */; };
		B181AD1F1BBD2748001A1E9B /* whichTreasureMapTests.m in Sources */ = {isa = PBXBuildFile; fileRef = B181AD1E1BBD2748001A1E9B /* whichTreasureMapTests.m */; };
		B181AD2F1BBD2BBC001A1E9B /* DownloadManager.m in Sources */ = {isa = PBXBuildFile; fileRef = B181AD2E1BBD2BBC001A1E9B /* DownloadManager.m */; };
		B181AD351BBD3021001A1E9B /* DirectionManagedObjectContext.m in Sources */ = {isa = PBXBuildFile; fileRef = B181AD341BBD3021001A1E9B /* DirectionManagedObjectContext.m */; };
/* End PBXBuildFile section */

/* Begin PBXContainerItemProxy section */
		B181AD191BBD2748001A1E9B /* PBXContainerItemProxy */ = {
			isa = PBXContainerItemProxy;
			containerPortal = B181ACF41BBD2748001A1E9B /* Project object */;
			proxyType = 1;
			remoteGlobalIDString = B181ACFB1BBD2748001A1E9B;
			remoteInfo = whichTreasureMap;
		};
/* End PBXContainerItemProxy section */

/* Begin PBXFileReference section */
		B181ACFC1BBD2748001A1E9B /* whichTreasureMap.app */ = {isa = PBXFileReference; explicitFileType = wrapper.application; includeInIndex = 0; path = whichTreasureMap.app; sourceTree = BUILT_PRODUCTS_DIR; };
		B181AD001BBD2748001A1E9B /* Info.plist */ = {isa = PBXFileReference; lastKnownFileType = text.plist.xml; path = Info.plist; sourceTree = "<group>"; };
		B181AD011BBD2748001A1E9B /* main.m */ = {isa = PBXFileReference; lastKnownFileType = sourcecode.c.objc; path = main.m; sourceTree = "<group>"; };
		B181AD031BBD2748001A1E9B /* AppDelegate.h */ = {isa = PBXFileReference; lastKnownFileType = sourcecode.c.h; path = AppDelegate.h; sourceTree = "<group>"; };
		B181AD041BBD2748001A1E9B /* AppDelegate.m */ = {isa = PBXFileReference; lastKnownFileType = sourcecode.c.objc; path = AppDelegate.m; sourceTree = "<group>"; };
		B181AD071BBD2748001A1E9B /* whichTreasureMap.xcdatamodel */ = {isa = PBXFileReference; lastKnownFileType = wrapper.xcdatamodel; path = whichTreasureMap.xcdatamodel; sourceTree = "<group>"; };
		B181AD091BBD2748001A1E9B /* TreasureMapViewController.h */ = {isa = PBXFileReference; lastKnownFileType = sourcecode.c.h; path = TreasureMapViewController.h; sourceTree = "<group>"; };
		B181AD0A1BBD2748001A1E9B /* TreasureMapViewController.m */ = {isa = PBXFileReference; lastKnownFileType = sourcecode.c.objc; path = TreasureMapViewController.m; sourceTree = "<group>"; };
		B181AD0D1BBD2748001A1E9B /* Base */ = {isa = PBXFileReference; lastKnownFileType = file.storyboard; name = Base; path = Base.lproj/Main.storyboard; sourceTree = "<group>"; };
		B181AD0F1BBD2748001A1E9B /* Images.xcassets */ = {isa = PBXFileReference; lastKnownFileType = folder.assetcatalog; path = Images.xcassets; sourceTree = "<group>"; };
		B181AD121BBD2748001A1E9B /* Base */ = {isa = PBXFileReference; lastKnownFileType = file.xib; name = Base; path = Base.lproj/LaunchScreen.xib; sourceTree = "<group>"; };
		B181AD181BBD2748001A1E9B /* whichTreasureMapTests.xctest */ = {isa = PBXFileReference; explicitFileType = wrapper.cfbundle; includeInIndex = 0; path = whichTreasureMapTests.xctest; sourceTree = BUILT_PRODUCTS_DIR; };
		B181AD1D1BBD2748001A1E9B /* Info.plist */ = {isa = PBXFileReference; lastKnownFileType = text.plist.xml; path = Info.plist; sourceTree = "<group>"; };
		B181AD1E1BBD2748001A1E9B /* whichTreasureMapTests.m */ = {isa = PBXFileReference; lastKnownFileType = sourcecode.c.objc; path = whichTreasureMapTests.m; sourceTree = "<group>"; };
		B181AD2D1BBD2BBC001A1E9B /* DownloadManager.h */ = {isa = PBXFileReference; fileEncoding = 4; lastKnownFileType = sourcecode.c.h; path = DownloadManager.h; sourceTree = "<group>"; };
		B181AD2E1BBD2BBC001A1E9B /* DownloadManager.m */ = {isa = PBXFileReference; fileEncoding = 4; lastKnownFileType = sourcecode.c.objc; path = DownloadManager.m; sourceTree = "<group>"; };
		B181AD331BBD3021001A1E9B /* DirectionManagedObjectContext.h */ = {isa = PBXFileReference; fileEncoding = 4; lastKnownFileType = sourcecode.c.h; path = DirectionManagedObjectContext.h; sourceTree = "<group>"; };
		B181AD341BBD3021001A1E9B /* DirectionManagedObjectContext.m */ = {isa = PBXFileReference; fileEncoding = 4; lastKnownFileType = sourcecode.c.objc; path = DirectionManagedObjectContext.m; sourceTree = "<group>"; };
/* End PBXFileReference section */

/* Begin PBXFrameworksBuildPhase section */
		B181ACF91BBD2748001A1E9B /* Frameworks */ = {
			isa = PBXFrameworksBuildPhase;
			buildActionMask = 2147483647;
			files = (
			);
			runOnlyForDeploymentPostprocessing = 0;
		};
		B181AD151BBD2748001A1E9B /* Frameworks */ = {
			isa = PBXFrameworksBuildPhase;
			buildActionMask = 2147483647;
			files = (
			);
			runOnlyForDeploymentPostprocessing = 0;
		};
/* End PBXFrameworksBuildPhase section */

/* Begin PBXGroup section */
		B181ACF31BBD2748001A1E9B = {
			isa = PBXGroup;
			children = (
				B181ACFE1BBD2748001A1E9B /* whichTreasureMap */,
				B181AD1B1BBD2748001A1E9B /* whichTreasureMapTests */,
				B181ACFD1BBD2748001A1E9B /* Products */,
			);
			sourceTree = "<group>";
		};
		B181ACFD1BBD2748001A1E9B /* Products */ = {
			isa = PBXGroup;
			children = (
				B181ACFC1BBD2748001A1E9B /* whichTreasureMap.app */,
				B181AD181BBD2748001A1E9B /* whichTreasureMapTests.xctest */,
			);
			name = Products;
			sourceTree = "<group>";
		};
		B181ACFE1BBD2748001A1E9B /* whichTreasureMap */ = {
			isa = PBXGroup;
			children = (
				B181AD031BBD2748001A1E9B /* AppDelegate.h */,
				B181AD041BBD2748001A1E9B /* AppDelegate.m */,
				B181AD2C1BBD2B66001A1E9B /* Download manager */,
				B181AD281BBD2AC6001A1E9B /* View controllers */,
				B181AD291BBD2ACE001A1E9B /* Interface */,
				B181AD2A1BBD2AE8001A1E9B /* Assets */,
				B181AD2B1BBD2AF0001A1E9B /* CoreData */,
				B181ACFF1BBD2748001A1E9B /* Supporting Files */,
			);
			path = whichTreasureMap;
			sourceTree = "<group>";
		};
		B181ACFF1BBD2748001A1E9B /* Supporting Files */ = {
			isa = PBXGroup;
			children = (
				B181AD001BBD2748001A1E9B /* Info.plist */,
				B181AD011BBD2748001A1E9B /* main.m */,
			);
			name = "Supporting Files";
			sourceTree = "<group>";
		};
		B181AD1B1BBD2748001A1E9B /* whichTreasureMapTests */ = {
			isa = PBXGroup;
			children = (
				B181AD1E1BBD2748001A1E9B /* whichTreasureMapTests.m */,
				B181AD1C1BBD2748001A1E9B /* Supporting Files */,
			);
			path = whichTreasureMapTests;
			sourceTree = "<group>";
		};
		B181AD1C1BBD2748001A1E9B /* Supporting Files */ = {
			isa = PBXGroup;
			children = (
				B181AD1D1BBD2748001A1E9B /* Info.plist */,
			);
			name = "Supporting Files";
			sourceTree = "<group>";
		};
		B181AD281BBD2AC6001A1E9B /* View controllers */ = {
			isa = PBXGroup;
			children = (
				B181AD091BBD2748001A1E9B /* TreasureMapViewController.h */,
				B181AD0A1BBD2748001A1E9B /* TreasureMapViewController.m */,
			);
			name = "View controllers";
			sourceTree = "<group>";
		};
		B181AD291BBD2ACE001A1E9B /* Interface */ = {
			isa = PBXGroup;
			children = (
				B181AD0C1BBD2748001A1E9B /* Main.storyboard */,
				B181AD111BBD2748001A1E9B /* LaunchScreen.xib */,
			);
			name = Interface;
			sourceTree = "<group>";
		};
		B181AD2A1BBD2AE8001A1E9B /* Assets */ = {
			isa = PBXGroup;
			children = (
				B181AD0F1BBD2748001A1E9B /* Images.xcassets */,
			);
			name = Assets;
			sourceTree = "<group>";
		};
		B181AD2B1BBD2AF0001A1E9B /* CoreData */ = {
			isa = PBXGroup;
			children = (
				B181AD061BBD2748001A1E9B /* whichTreasureMap.xcdatamodeld */,
				B181AD331BBD3021001A1E9B /* DirectionManagedObjectContext.h */,
				B181AD341BBD3021001A1E9B /* DirectionManagedObjectContext.m */,
			);
			name = CoreData;
			sourceTree = "<group>";
		};
		B181AD2C1BBD2B66001A1E9B /* Download manager */ = {
			isa = PBXGroup;
			children = (
				B181AD2D1BBD2BBC001A1E9B /* DownloadManager.h */,
				B181AD2E1BBD2BBC001A1E9B /* DownloadManager.m */,
			);
			name = "Download manager";
			sourceTree = "<group>";
		};
/* End PBXGroup section */

/* Begin PBXNativeTarget section */
		B181ACFB1BBD2748001A1E9B /* whichTreasureMap */ = {
			isa = PBXNativeTarget;
			buildConfigurationList = B181AD221BBD2748001A1E9B /* Build configuration list for PBXNativeTarget "whichTreasureMap" */;
			buildPhases = (
				B181ACF81BBD2748001A1E9B /* Sources */,
				B181ACF91BBD2748001A1E9B /* Frameworks */,
				B181ACFA1BBD2748001A1E9B /* Resources */,
			);
			buildRules = (
			);
			dependencies = (
			);
			name = whichTreasureMap;
			productName = whichTreasureMap;
			productReference = B181ACFC1BBD2748001A1E9B /* whichTreasureMap.app */;
			productType = "com.apple.product-type.application";
		};
		B181AD171BBD2748001A1E9B /* whichTreasureMapTests */ = {
			isa = PBXNativeTarget;
			buildConfigurationList = B181AD251BBD2748001A1E9B /* Build configuration list for PBXNativeTarget "whichTreasureMapTests" */;
			buildPhases = (
				B181AD141BBD2748001A1E9B /* Sources */,
				B181AD151BBD2748001A1E9B /* Frameworks */,
				B181AD161BBD2748001A1E9B /* Resources */,
			);
			buildRules = (
			);
			dependencies = (
				B181AD1A1BBD2748001A1E9B /* PBXTargetDependency */,
			);
			name = whichTreasureMapTests;
			productName = whichTreasureMapTests;
			productReference = B181AD181BBD2748001A1E9B /* whichTreasureMapTests.xctest */;
			productType = "com.apple.product-type.bundle.unit-test";
		};
/* End PBXNativeTarget section */

/* Begin PBXProject section */
		B181ACF41BBD2748001A1E9B /* Project object */ = {
			isa = PBXProject;
			attributes = {
				LastUpgradeCheck = 0640;
				ORGANIZATIONNAME = "Gary Riches";
				TargetAttributes = {
					B181ACFB1BBD2748001A1E9B = {
						CreatedOnToolsVersion = 6.4;
					};
					B181AD171BBD2748001A1E9B = {
						CreatedOnToolsVersion = 6.4;
						TestTargetID = B181ACFB1BBD2748001A1E9B;
					};
				};
			};
			buildConfigurationList = B181ACF71BBD2748001A1E9B /* Build configuration list for PBXProject "whichTreasureMap" */;
			compatibilityVersion = "Xcode 3.2";
			developmentRegion = English;
			hasScannedForEncodings = 0;
			knownRegions = (
				en,
				Base,
			);
			mainGroup = B181ACF31BBD2748001A1E9B;
			productRefGroup = B181ACFD1BBD2748001A1E9B /* Products */;
			projectDirPath = "";
			projectRoot = "";
			targets = (
				B181ACFB1BBD2748001A1E9B /* whichTreasureMap */,
				B181AD171BBD2748001A1E9B /* whichTreasureMapTests */,
			);
		};
/* End PBXProject section */

/* Begin PBXResourcesBuildPhase section */
		B181ACFA1BBD2748001A1E9B /* Resources */ = {
			isa = PBXResourcesBuildPhase;
			buildActionMask = 2147483647;
			files = (
				B181AD0E1BBD2748001A1E9B /* Main.storyboard in Resources */,
				B181AD131BBD2748001A1E9B /* LaunchScreen.xib in Resources */,
				B181AD101BBD2748001A1E9B /* Images.xcassets in Resources */,
			);
			runOnlyForDeploymentPostprocessing = 0;
		};
		B181AD161BBD2748001A1E9B /* Resources */ = {
			isa = PBXResourcesBuildPhase;
			buildActionMask = 2147483647;
			files = (
			);
			runOnlyForDeploymentPostprocessing = 0;
		};
/* End PBXResourcesBuildPhase section */

/* Begin PBXSourcesBuildPhase section */
		B181ACF81BBD2748001A1E9B /* Sources */ = {
			isa = PBXSourcesBuildPhase;
			buildActionMask = 2147483647;
			files = (
				B181AD351BBD3021001A1E9B /* DirectionManagedObjectContext.m in Sources */,
				B181AD081BBD2748001A1E9B /* whichTreasureMap.xcdatamodeld in Sources */,
				B181AD051BBD2748001A1E9B /* AppDelegate.m in Sources */,
				B181AD0B1BBD2748001A1E9B /* TreasureMapViewController.m in Sources */,
				B181AD2F1BBD2BBC001A1E9B /* DownloadManager.m in Sources */,
				B181AD021BBD2748001A1E9B /* main.m in Sources */,
			);
			runOnlyForDeploymentPostprocessing = 0;
		};
		B181AD141BBD2748001A1E9B /* Sources */ = {
			isa = PBXSourcesBuildPhase;
			buildActionMask = 2147483647;
			files = (
				B181AD1F1BBD2748001A1E9B /* whichTreasureMapTests.m in Sources */,
			);
			runOnlyForDeploymentPostprocessing = 0;
		};
/* End PBXSourcesBuildPhase section */

/* Begin PBXTargetDependency section */
		B181AD1A1BBD2748001A1E9B /* PBXTargetDependency */ = {
			isa = PBXTargetDependency;
			target = B181ACFB1BBD2748001A1E9B /* whichTreasureMap */;
			targetProxy = B181AD191BBD2748001A1E9B /* PBXContainerItemProxy */;
		};
/* End PBXTargetDependency section */

/* Begin PBXVariantGroup section */
		B181AD0C1BBD2748001A1E9B /* Main.storyboard */ = {
			isa = PBXVariantGroup;
			children = (
				B181AD0D1BBD2748001A1E9B /* Base */,
			);
			name = Main.storyboard;
			sourceTree = "<group>";
		};
		B181AD111BBD2748001A1E9B /* LaunchScreen.xib */ = {
			isa = PBXVariantGroup;
			children = (
				B181AD121BBD2748001A1E9B /* Base */,
			);
			name = LaunchScreen.xib;
			sourceTree = "<group>";
		};
/* End PBXVariantGroup section */

/* Begin XCBuildConfiguration section */
		B181AD201BBD2748001A1E9B /* Debug */ = {
			isa = XCBuildConfiguration;
			buildSettings = {
				ALWAYS_SEARCH_USER_PATHS = NO;
				CLANG_CXX_LANGUAGE_STANDARD = "gnu++0x";
				CLANG_CXX_LIBRARY = "libc++";
				CLANG_ENABLE_MODULES = YES;
				CLANG_ENABLE_OBJC_ARC = YES;
				CLANG_WARN_BOOL_CONVERSION = YES;
				CLANG_WARN_CONSTANT_CONVERSION = YES;
				CLANG_WARN_DIRECT_OBJC_ISA_USAGE = YES_ERROR;
				CLANG_WARN_EMPTY_BODY = YES;
				CLANG_WARN_ENUM_CONVERSION = YES;
				CLANG_WARN_INT_CONVERSION = YES;
				CLANG_WARN_OBJC_ROOT_CLASS = YES_ERROR;
				CLANG_WARN_UNREACHABLE_CODE = YES;
				CLANG_WARN__DUPLICATE_METHOD_MATCH = YES;
				"CODE_SIGN_IDENTITY[sdk=iphoneos*]" = "iPhone Developer";
				COPY_PHASE_STRIP = NO;
				DEBUG_INFORMATION_FORMAT = "dwarf-with-dsym";
				ENABLE_STRICT_OBJC_MSGSEND = YES;
				GCC_C_LANGUAGE_STANDARD = gnu99;
				GCC_DYNAMIC_NO_PIC = NO;
				GCC_NO_COMMON_BLOCKS = YES;
				GCC_OPTIMIZATION_LEVEL = 0;
				GCC_PREPROCESSOR_DEFINITIONS = (
					"DEBUG=1",
					"$(inherited)",
				);
				GCC_SYMBOLS_PRIVATE_EXTERN = NO;
				GCC_WARN_64_TO_32_BIT_CONVERSION = YES;
				GCC_WARN_ABOUT_RETURN_TYPE = YES_ERROR;
				GCC_WARN_UNDECLARED_SELECTOR = YES;
				GCC_WARN_UNINITIALIZED_AUTOS = YES_AGGRESSIVE;
				GCC_WARN_UNUSED_FUNCTION = YES;
				GCC_WARN_UNUSED_VARIABLE = YES;
				IPHONEOS_DEPLOYMENT_TARGET = 8.4;
				MTL_ENABLE_DEBUG_INFO = YES;
				ONLY_ACTIVE_ARCH = YES;
				SDKROOT = iphoneos;
				TARGETED_DEVICE_FAMILY = "1,2";
			};
			name = Debug;
		};
		B181AD211BBD2748001A1E9B /* Release */ = {
			isa = XCBuildConfiguration;
			buildSettings = {
				ALWAYS_SEARCH_USER_PATHS = NO;
				CLANG_CXX_LANGUAGE_STANDARD = "gnu++0x";
				CLANG_CXX_LIBRARY = "libc++";
				CLANG_ENABLE_MODULES = YES;
				CLANG_ENABLE_OBJC_ARC = YES;
				CLANG_WARN_BOOL_CONVERSION = YES;
				CLANG_WARN_CONSTANT_CONVERSION = YES;
				CLANG_WARN_DIRECT_OBJC_ISA_USAGE = YES_ERROR;
				CLANG_WARN_EMPTY_BODY = YES;
				CLANG_WARN_ENUM_CONVERSION = YES;
				CLANG_WARN_INT_CONVERSION = YES;
				CLANG_WARN_OBJC_ROOT_CLASS = YES_ERROR;
				CLANG_WARN_UNREACHABLE_CODE = YES;
				CLANG_WARN__DUPLICATE_METHOD_MATCH = YES;
				"CODE_SIGN_IDENTITY[sdk=iphoneos*]" = "iPhone Developer";
				COPY_PHASE_STRIP = NO;
				DEBUG_INFORMATION_FORMAT = "dwarf-with-dsym";
				ENABLE_NS_ASSERTIONS = NO;
				ENABLE_STRICT_OBJC_MSGSEND = YES;
				GCC_C_LANGUAGE_STANDARD = gnu99;
				GCC_NO_COMMON_BLOCKS = YES;
				GCC_WARN_64_TO_32_BIT_CONVERSION = YES;
				GCC_WARN_ABOUT_RETURN_TYPE = YES_ERROR;
				GCC_WARN_UNDECLARED_SELECTOR = YES;
				GCC_WARN_UNINITIALIZED_AUTOS = YES_AGGRESSIVE;
				GCC_WARN_UNUSED_FUNCTION = YES;
				GCC_WARN_UNUSED_VARIABLE = YES;
				IPHONEOS_DEPLOYMENT_TARGET = 8.4;
				MTL_ENABLE_DEBUG_INFO = NO;
				SDKROOT = iphoneos;
				TARGETED_DEVICE_FAMILY = "1,2";
				VALIDATE_PRODUCT = YES;
			};
			name = Release;
		};
		B181AD231BBD2748001A1E9B /* Debug */ = {
			isa = XCBuildConfiguration;
			buildSettings = {
				ASSETCATALOG_COMPILER_APPICON_NAME = AppIcon;
				INFOPLIST_FILE = whichTreasureMap/Info.plist;
				LD_RUNPATH_SEARCH_PATHS = "$(inherited) @executable_path/Frameworks";
				PRODUCT_NAME = "$(TARGET_NAME)";
				TARGETED_DEVICE_FAMILY = 1;
			};
			name = Debug;
		};
		B181AD241BBD2748001A1E9B /* Release */ = {
			isa = XCBuildConfiguration;
			buildSettings = {
				ASSETCATALOG_COMPILER_APPICON_NAME = AppIcon;
				INFOPLIST_FILE = whichTreasureMap/Info.plist;
				LD_RUNPATH_SEARCH_PATHS = "$(inherited) @executable_path/Frameworks";
				PRODUCT_NAME = "$(TARGET_NAME)";
				TARGETED_DEVICE_FAMILY = 1;
			};
			name = Release;
		};
		B181AD261BBD2748001A1E9B /* Debug */ = {
			isa = XCBuildConfiguration;
			buildSettings = {
				BUNDLE_LOADER = "$(TEST_HOST)";
				FRAMEWORK_SEARCH_PATHS = (
					"$(SDKROOT)/Developer/Library/Frameworks",
					"$(inherited)",
				);
				GCC_PREPROCESSOR_DEFINITIONS = (
					"DEBUG=1",
					"$(inherited)",
				);
				INFOPLIST_FILE = whichTreasureMapTests/Info.plist;
				LD_RUNPATH_SEARCH_PATHS = "$(inherited) @executable_path/Frameworks @loader_path/Frameworks";
				PRODUCT_NAME = "$(TARGET_NAME)";
				TEST_HOST = "$(BUILT_PRODUCTS_DIR)/whichTreasureMap.app/whichTreasureMap";
			};
			name = Debug;
		};
		B181AD271BBD2748001A1E9B /* Release */ = {
			isa = XCBuildConfiguration;
			buildSettings = {
				BUNDLE_LOADER = "$(TEST_HOST)";
				FRAMEWORK_SEARCH_PATHS = (
					"$(SDKROOT)/Developer/Library/Frameworks",
					"$(inherited)",
				);
				INFOPLIST_FILE = whichTreasureMapTests/Info.plist;
				LD_RUNPATH_SEARCH_PATHS = "$(inherited) @executable_path/Frameworks @loader_path/Frameworks";
				PRODUCT_NAME = "$(TARGET_NAME)";
				TEST_HOST = "$(BUILT_PRODUCTS_DIR)/whichTreasureMap.app/whichTreasureMap";
			};
			name = Release;
		};
/* End XCBuildConfiguration section */

/* Begin XCConfigurationList section */
		B181ACF71BBD2748001A1E9B /* Build configuration list for PBXProject "whichTreasureMap" */ = {
			isa = XCConfigurationList;
			buildConfigurations = (
				B181AD201BBD2748001A1E9B /* Debug */,
				B181AD211BBD2748001A1E9B /* Release */,
			);
			defaultConfigurationIsVisible = 0;
			defaultConfigurationName = Release;
		};
		B181AD221BBD2748001A1E9B /* Build configuration list for PBXNativeTarget "whichTreasureMap" */ = {
			isa = XCConfigurationList;
			buildConfigurations = (
				B181AD231BBD2748001A1E9B /* Debug */,
				B181AD241BBD2748001A1E9B /* Release */,
			);
			defaultConfigurationIsVisible = 0;
		};
		B181AD251BBD2748001A1E9B /* Build configuration list for PBXNativeTarget "whichTreasureMapTests" */ = {
			isa = XCConfigurationList;
			buildConfigurations = (
				B181AD261BBD2748001A1E9B /* Debug */,
				B181AD271BBD2748001A1E9B /* Release */,
			);
			defaultConfigurationIsVisible = 0;
		};
/* End XCConfigurationList section */

/* Begin XCVersionGroup section */
		B181AD061BBD2748001A1E9B /* whichTreasureMap.xcdatamodeld */ = {
			isa = XCVersionGroup;
			children = (
				B181AD071BBD2748001A1E9B /* whichTreasureMap.xcdatamodel */,
			);
			currentVersion = B181AD071BBD2748001A1E9B /* whichTreasureMap.xcdatamodel */;
			path = whichTreasureMap.xcdatamodeld;
			sourceTree = "<group>";
			versionGroupType = wrapper.xcdatamodel;
		};
/* End XCVersionGroup section */
	};
	rootObject = B181ACF41BBD2748001A1E9B /* Project object */;
}
